// !$*UTF8*$!
{
	archiveVersion = 1;
	classes = {
	};
	objectVersion = 56;
	objects = {

/* Begin PBXBuildFile section */
		0BE0ECB22B0A8BEB00C1B6F4 /* Apple_PlatformUIApp.swift in Sources */ = {isa = PBXBuildFile; fileRef = 0BE0ECB12B0A8BEB00C1B6F4 /* Apple_PlatformUIApp.swift */; };
		0BE0ECB42B0A8BEB00C1B6F4 /* ContentView.swift in Sources */ = {isa = PBXBuildFile; fileRef = 0BE0ECB32B0A8BEB00C1B6F4 /* ContentView.swift */; };
		0BE0ECB62B0A8BEB00C1B6F4 /* Assets.xcassets in Resources */ = {isa = PBXBuildFile; fileRef = 0BE0ECB52B0A8BEB00C1B6F4 /* Assets.xcassets */; };
		0BE0ECB92B0A8BEB00C1B6F4 /* Preview Assets.xcassets in Resources */ = {isa = PBXBuildFile; fileRef = 0BE0ECB82B0A8BEB00C1B6F4 /* Preview Assets.xcassets */; };
		0BE0ECC32B0A8BEC00C1B6F4 /* Apple_PlatformUITests.swift in Sources */ = {isa = PBXBuildFile; fileRef = 0BE0ECC22B0A8BEC00C1B6F4 /* Apple_PlatformUITests.swift */; };
		0BE0ECCD2B0A8BEC00C1B6F4 /* Apple_PlatformUIUITests.swift in Sources */ = {isa = PBXBuildFile; fileRef = 0BE0ECCC2B0A8BEC00C1B6F4 /* Apple_PlatformUIUITests.swift */; };
		0BE0ECCF2B0A8BEC00C1B6F4 /* Apple_PlatformUIUITestsLaunchTests.swift in Sources */ = {isa = PBXBuildFile; fileRef = 0BE0ECCE2B0A8BEC00C1B6F4 /* Apple_PlatformUIUITestsLaunchTests.swift */; };
		0BE0ECDC2B0A8C3B00C1B6F4 /* Framework.swift in Sources */ = {isa = PBXBuildFile; fileRef = 0BE0ECDB2B0A8C3B00C1B6F4 /* Framework.swift */; };
/* End PBXBuildFile section */

/* Begin PBXContainerItemProxy section */
		0BE0ECBF2B0A8BEC00C1B6F4 /* PBXContainerItemProxy */ = {
			isa = PBXContainerItemProxy;
			containerPortal = 0BE0ECA62B0A8BEB00C1B6F4 /* Project object */;
			proxyType = 1;
			remoteGlobalIDString = 0BE0ECAD2B0A8BEB00C1B6F4;
			remoteInfo = "Apple-PlatformUI";
		};
		0BE0ECC92B0A8BEC00C1B6F4 /* PBXContainerItemProxy */ = {
			isa = PBXContainerItemProxy;
			containerPortal = 0BE0ECA62B0A8BEB00C1B6F4 /* Project object */;
			proxyType = 1;
			remoteGlobalIDString = 0BE0ECAD2B0A8BEB00C1B6F4;
			remoteInfo = "Apple-PlatformUI";
		};
/* End PBXContainerItemProxy section */

/* Begin PBXFileReference section */
		0BE0ECAE2B0A8BEB00C1B6F4 /* Apple-PlatformUI.app */ = {isa = PBXFileReference; explicitFileType = wrapper.application; includeInIndex = 0; path = "Apple-PlatformUI.app"; sourceTree = BUILT_PRODUCTS_DIR; };
		0BE0ECB12B0A8BEB00C1B6F4 /* Apple_PlatformUIApp.swift */ = {isa = PBXFileReference; lastKnownFileType = sourcecode.swift; path = Apple_PlatformUIApp.swift; sourceTree = "<group>"; };
		0BE0ECB32B0A8BEB00C1B6F4 /* ContentView.swift */ = {isa = PBXFileReference; lastKnownFileType = sourcecode.swift; path = ContentView.swift; sourceTree = "<group>"; };
		0BE0ECB52B0A8BEB00C1B6F4 /* Assets.xcassets */ = {isa = PBXFileReference; lastKnownFileType = folder.assetcatalog; path = Assets.xcassets; sourceTree = "<group>"; };
		0BE0ECB82B0A8BEB00C1B6F4 /* Preview Assets.xcassets */ = {isa = PBXFileReference; lastKnownFileType = folder.assetcatalog; path = "Preview Assets.xcassets"; sourceTree = "<group>"; };
		0BE0ECBE2B0A8BEC00C1B6F4 /* Apple-PlatformUITests.xctest */ = {isa = PBXFileReference; explicitFileType = wrapper.cfbundle; includeInIndex = 0; path = "Apple-PlatformUITests.xctest"; sourceTree = BUILT_PRODUCTS_DIR; };
		0BE0ECC22B0A8BEC00C1B6F4 /* Apple_PlatformUITests.swift */ = {isa = PBXFileReference; lastKnownFileType = sourcecode.swift; path = Apple_PlatformUITests.swift; sourceTree = "<group>"; };
		0BE0ECC82B0A8BEC00C1B6F4 /* Apple-PlatformUIUITests.xctest */ = {isa = PBXFileReference; explicitFileType = wrapper.cfbundle; includeInIndex = 0; path = "Apple-PlatformUIUITests.xctest"; sourceTree = BUILT_PRODUCTS_DIR; };
		0BE0ECCC2B0A8BEC00C1B6F4 /* Apple_PlatformUIUITests.swift */ = {isa = PBXFileReference; lastKnownFileType = sourcecode.swift; path = Apple_PlatformUIUITests.swift; sourceTree = "<group>"; };
		0BE0ECCE2B0A8BEC00C1B6F4 /* Apple_PlatformUIUITestsLaunchTests.swift */ = {isa = PBXFileReference; lastKnownFileType = sourcecode.swift; path = Apple_PlatformUIUITestsLaunchTests.swift; sourceTree = "<group>"; };
		0BE0ECDB2B0A8C3B00C1B6F4 /* Framework.swift */ = {isa = PBXFileReference; lastKnownFileType = sourcecode.swift; path = Framework.swift; sourceTree = "<group>"; };
/* End PBXFileReference section */

/* Begin PBXFrameworksBuildPhase section */
		0BE0ECAB2B0A8BEB00C1B6F4 /* Frameworks */ = {
			isa = PBXFrameworksBuildPhase;
			buildActionMask = 2147483647;
			files = (
			);
			runOnlyForDeploymentPostprocessing = 0;
		};
		0BE0ECBB2B0A8BEC00C1B6F4 /* Frameworks */ = {
			isa = PBXFrameworksBuildPhase;
			buildActionMask = 2147483647;
			files = (
			);
			runOnlyForDeploymentPostprocessing = 0;
		};
		0BE0ECC52B0A8BEC00C1B6F4 /* Frameworks */ = {
			isa = PBXFrameworksBuildPhase;
			buildActionMask = 2147483647;
			files = (
			);
			runOnlyForDeploymentPostprocessing = 0;
		};
/* End PBXFrameworksBuildPhase section */

/* Begin PBXGroup section */
		0BE0ECA52B0A8BEB00C1B6F4 = {
			isa = PBXGroup;
			children = (
				0BE0ECB02B0A8BEB00C1B6F4 /* Apple-PlatformUI */,
				0BE0ECC12B0A8BEC00C1B6F4 /* Apple-PlatformUITests */,
				0BE0ECCB2B0A8BEC00C1B6F4 /* Apple-PlatformUIUITests */,
				0BE0ECAF2B0A8BEB00C1B6F4 /* Products */,
			);
			sourceTree = "<group>";
		};
		0BE0ECAF2B0A8BEB00C1B6F4 /* Products */ = {
			isa = PBXGroup;
			children = (
				0BE0ECAE2B0A8BEB00C1B6F4 /* Apple-PlatformUI.app */,
				0BE0ECBE2B0A8BEC00C1B6F4 /* Apple-PlatformUITests.xctest */,
				0BE0ECC82B0A8BEC00C1B6F4 /* Apple-PlatformUIUITests.xctest */,
			);
			name = Products;
			sourceTree = "<group>";
		};
		0BE0ECB02B0A8BEB00C1B6F4 /* Apple-PlatformUI */ = {
			isa = PBXGroup;
			children = (
				0BE0ECB12B0A8BEB00C1B6F4 /* Apple_PlatformUIApp.swift */,
				0BE0ECB32B0A8BEB00C1B6F4 /* ContentView.swift */,
				0BE0ECB52B0A8BEB00C1B6F4 /* Assets.xcassets */,
				0BE0ECB72B0A8BEB00C1B6F4 /* Preview Content */,
				0BE0ECDB2B0A8C3B00C1B6F4 /* Framework.swift */,
			);
			path = "Apple-PlatformUI";
			sourceTree = "<group>";
		};
		0BE0ECB72B0A8BEB00C1B6F4 /* Preview Content */ = {
			isa = PBXGroup;
			children = (
				0BE0ECB82B0A8BEB00C1B6F4 /* Preview Assets.xcassets */,
			);
			path = "Preview Content";
			sourceTree = "<group>";
		};
		0BE0ECC12B0A8BEC00C1B6F4 /* Apple-PlatformUITests */ = {
			isa = PBXGroup;
			children = (
				0BE0ECC22B0A8BEC00C1B6F4 /* Apple_PlatformUITests.swift */,
			);
			path = "Apple-PlatformUITests";
			sourceTree = "<group>";
		};
		0BE0ECCB2B0A8BEC00C1B6F4 /* Apple-PlatformUIUITests */ = {
			isa = PBXGroup;
			children = (
				0BE0ECCC2B0A8BEC00C1B6F4 /* Apple_PlatformUIUITests.swift */,
				0BE0ECCE2B0A8BEC00C1B6F4 /* Apple_PlatformUIUITestsLaunchTests.swift */,
			);
			path = "Apple-PlatformUIUITests";
			sourceTree = "<group>";
		};
/* End PBXGroup section */

/* Begin PBXNativeTarget section */
		0BE0ECAD2B0A8BEB00C1B6F4 /* Apple-PlatformUI */ = {
			isa = PBXNativeTarget;
			buildConfigurationList = 0BE0ECD22B0A8BEC00C1B6F4 /* Build configuration list for PBXNativeTarget "Apple-PlatformUI" */;
			buildPhases = (
				0BE0ECAA2B0A8BEB00C1B6F4 /* Sources */,
				0BE0ECAB2B0A8BEB00C1B6F4 /* Frameworks */,
				0BE0ECAC2B0A8BEB00C1B6F4 /* Resources */,
			);
			buildRules = (
			);
			dependencies = (
			);
			name = "Apple-PlatformUI";
			productName = "Apple-PlatformUI";
			productReference = 0BE0ECAE2B0A8BEB00C1B6F4 /* Apple-PlatformUI.app */;
			productType = "com.apple.product-type.application";
		};
		0BE0ECBD2B0A8BEC00C1B6F4 /* Apple-PlatformUITests */ = {
			isa = PBXNativeTarget;
			buildConfigurationList = 0BE0ECD52B0A8BEC00C1B6F4 /* Build configuration list for PBXNativeTarget "Apple-PlatformUITests" */;
			buildPhases = (
				0BE0ECBA2B0A8BEC00C1B6F4 /* Sources */,
				0BE0ECBB2B0A8BEC00C1B6F4 /* Frameworks */,
				0BE0ECBC2B0A8BEC00C1B6F4 /* Resources */,
			);
			buildRules = (
			);
			dependencies = (
				0BE0ECC02B0A8BEC00C1B6F4 /* PBXTargetDependency */,
			);
			name = "Apple-PlatformUITests";
			productName = "Apple-PlatformUITests";
			productReference = 0BE0ECBE2B0A8BEC00C1B6F4 /* Apple-PlatformUITests.xctest */;
			productType = "com.apple.product-type.bundle.unit-test";
		};
		0BE0ECC72B0A8BEC00C1B6F4 /* Apple-PlatformUIUITests */ = {
			isa = PBXNativeTarget;
			buildConfigurationList = 0BE0ECD82B0A8BEC00C1B6F4 /* Build configuration list for PBXNativeTarget "Apple-PlatformUIUITests" */;
			buildPhases = (
				0BE0ECC42B0A8BEC00C1B6F4 /* Sources */,
				0BE0ECC52B0A8BEC00C1B6F4 /* Frameworks */,
				0BE0ECC62B0A8BEC00C1B6F4 /* Resources */,
			);
			buildRules = (
			);
			dependencies = (
				0BE0ECCA2B0A8BEC00C1B6F4 /* PBXTargetDependency */,
			);
			name = "Apple-PlatformUIUITests";
			productName = "Apple-PlatformUIUITests";
			productReference = 0BE0ECC82B0A8BEC00C1B6F4 /* Apple-PlatformUIUITests.xctest */;
			productType = "com.apple.product-type.bundle.ui-testing";
		};
/* End PBXNativeTarget section */

/* Begin PBXProject section */
		0BE0ECA62B0A8BEB00C1B6F4 /* Project object */ = {
			isa = PBXProject;
			attributes = {
				BuildIndependentTargetsInParallel = 1;
				LastSwiftUpdateCheck = 1500;
				LastUpgradeCheck = 1500;
				TargetAttributes = {
					0BE0ECAD2B0A8BEB00C1B6F4 = {
						CreatedOnToolsVersion = 15.0.1;
					};
					0BE0ECBD2B0A8BEC00C1B6F4 = {
						CreatedOnToolsVersion = 15.0.1;
						TestTargetID = 0BE0ECAD2B0A8BEB00C1B6F4;
					};
					0BE0ECC72B0A8BEC00C1B6F4 = {
						CreatedOnToolsVersion = 15.0.1;
						TestTargetID = 0BE0ECAD2B0A8BEB00C1B6F4;
					};
				};
			};
			buildConfigurationList = 0BE0ECA92B0A8BEB00C1B6F4 /* Build configuration list for PBXProject "Apple-PlatformUI" */;
			compatibilityVersion = "Xcode 14.0";
			developmentRegion = en;
			hasScannedForEncodings = 0;
			knownRegions = (
				en,
				Base,
			);
			mainGroup = 0BE0ECA52B0A8BEB00C1B6F4;
			productRefGroup = 0BE0ECAF2B0A8BEB00C1B6F4 /* Products */;
			projectDirPath = "";
			projectRoot = "";
			targets = (
				0BE0ECAD2B0A8BEB00C1B6F4 /* Apple-PlatformUI */,
				0BE0ECBD2B0A8BEC00C1B6F4 /* Apple-PlatformUITests */,
				0BE0ECC72B0A8BEC00C1B6F4 /* Apple-PlatformUIUITests */,
			);
		};
/* End PBXProject section */

/* Begin PBXResourcesBuildPhase section */
		0BE0ECAC2B0A8BEB00C1B6F4 /* Resources */ = {
			isa = PBXResourcesBuildPhase;
			buildActionMask = 2147483647;
			files = (
				0BE0ECB92B0A8BEB00C1B6F4 /* Preview Assets.xcassets in Resources */,
				0BE0ECB62B0A8BEB00C1B6F4 /* Assets.xcassets in Resources */,
			);
			runOnlyForDeploymentPostprocessing = 0;
		};
		0BE0ECBC2B0A8BEC00C1B6F4 /* Resources */ = {
			isa = PBXResourcesBuildPhase;
			buildActionMask = 2147483647;
			files = (
			);
			runOnlyForDeploymentPostprocessing = 0;
		};
		0BE0ECC62B0A8BEC00C1B6F4 /* Resources */ = {
			isa = PBXResourcesBuildPhase;
			buildActionMask = 2147483647;
			files = (
			);
			runOnlyForDeploymentPostprocessing = 0;
		};
/* End PBXResourcesBuildPhase section */

/* Begin PBXSourcesBuildPhase section */
		0BE0ECAA2B0A8BEB00C1B6F4 /* Sources */ = {
			isa = PBXSourcesBuildPhase;
			buildActionMask = 2147483647;
			files = (
				0BE0ECB42B0A8BEB00C1B6F4 /* ContentView.swift in Sources */,
				0BE0ECDC2B0A8C3B00C1B6F4 /* Framework.swift in Sources */,
				0BE0ECB22B0A8BEB00C1B6F4 /* Apple_PlatformUIApp.swift in Sources */,
			);
			runOnlyForDeploymentPostprocessing = 0;
		};
		0BE0ECBA2B0A8BEC00C1B6F4 /* Sources */ = {
			isa = PBXSourcesBuildPhase;
			buildActionMask = 2147483647;
			files = (
				0BE0ECC32B0A8BEC00C1B6F4 /* Apple_PlatformUITests.swift in Sources */,
			);
			runOnlyForDeploymentPostprocessing = 0;
		};
		0BE0ECC42B0A8BEC00C1B6F4 /* Sources */ = {
			isa = PBXSourcesBuildPhase;
			buildActionMask = 2147483647;
			files = (
				0BE0ECCF2B0A8BEC00C1B6F4 /* Apple_PlatformUIUITestsLaunchTests.swift in Sources */,
				0BE0ECCD2B0A8BEC00C1B6F4 /* Apple_PlatformUIUITests.swift in Sources */,
			);
			runOnlyForDeploymentPostprocessing = 0;
		};
/* End PBXSourcesBuildPhase section */

/* Begin PBXTargetDependency section */
		0BE0ECC02B0A8BEC00C1B6F4 /* PBXTargetDependency */ = {
			isa = PBXTargetDependency;
			target = 0BE0ECAD2B0A8BEB00C1B6F4 /* Apple-PlatformUI */;
			targetProxy = 0BE0ECBF2B0A8BEC00C1B6F4 /* PBXContainerItemProxy */;
		};
		0BE0ECCA2B0A8BEC00C1B6F4 /* PBXTargetDependency */ = {
			isa = PBXTargetDependency;
			target = 0BE0ECAD2B0A8BEB00C1B6F4 /* Apple-PlatformUI */;
			targetProxy = 0BE0ECC92B0A8BEC00C1B6F4 /* PBXContainerItemProxy */;
		};
/* End PBXTargetDependency section */

/* Begin XCBuildConfiguration section */
		0BE0ECD02B0A8BEC00C1B6F4 /* Debug */ = {
			isa = XCBuildConfiguration;
			buildSettings = {
				ALWAYS_SEARCH_USER_PATHS = NO;
				ASSETCATALOG_COMPILER_GENERATE_SWIFT_ASSET_SYMBOL_EXTENSIONS = YES;
				CLANG_ANALYZER_NONNULL = YES;
				CLANG_ANALYZER_NUMBER_OBJECT_CONVERSION = YES_AGGRESSIVE;
				CLANG_CXX_LANGUAGE_STANDARD = "gnu++20";
				CLANG_ENABLE_MODULES = YES;
				CLANG_ENABLE_OBJC_ARC = YES;
				CLANG_ENABLE_OBJC_WEAK = YES;
				CLANG_WARN_BLOCK_CAPTURE_AUTORELEASING = YES;
				CLANG_WARN_BOOL_CONVERSION = YES;
				CLANG_WARN_COMMA = YES;
				CLANG_WARN_CONSTANT_CONVERSION = YES;
				CLANG_WARN_DEPRECATED_OBJC_IMPLEMENTATIONS = YES;
				CLANG_WARN_DIRECT_OBJC_ISA_USAGE = YES_ERROR;
				CLANG_WARN_DOCUMENTATION_COMMENTS = YES;
				CLANG_WARN_EMPTY_BODY = YES;
				CLANG_WARN_ENUM_CONVERSION = YES;
				CLANG_WARN_INFINITE_RECURSION = YES;
				CLANG_WARN_INT_CONVERSION = YES;
				CLANG_WARN_NON_LITERAL_NULL_CONVERSION = YES;
				CLANG_WARN_OBJC_IMPLICIT_RETAIN_SELF = YES;
				CLANG_WARN_OBJC_LITERAL_CONVERSION = YES;
				CLANG_WARN_OBJC_ROOT_CLASS = YES_ERROR;
				CLANG_WARN_QUOTED_INCLUDE_IN_FRAMEWORK_HEADER = YES;
				CLANG_WARN_RANGE_LOOP_ANALYSIS = YES;
				CLANG_WARN_STRICT_PROTOTYPES = YES;
				CLANG_WARN_SUSPICIOUS_MOVE = YES;
				CLANG_WARN_UNGUARDED_AVAILABILITY = YES_AGGRESSIVE;
				CLANG_WARN_UNREACHABLE_CODE = YES;
				CLANG_WARN__DUPLICATE_METHOD_MATCH = YES;
				COPY_PHASE_STRIP = NO;
				DEBUG_INFORMATION_FORMAT = dwarf;
				ENABLE_STRICT_OBJC_MSGSEND = YES;
				ENABLE_TESTABILITY = YES;
				ENABLE_USER_SCRIPT_SANDBOXING = YES;
				GCC_C_LANGUAGE_STANDARD = gnu17;
				GCC_DYNAMIC_NO_PIC = NO;
				GCC_NO_COMMON_BLOCKS = YES;
				GCC_OPTIMIZATION_LEVEL = 0;
				GCC_PREPROCESSOR_DEFINITIONS = (
					"DEBUG=1",
					"$(inherited)",
				);
				GCC_WARN_64_TO_32_BIT_CONVERSION = YES;
				GCC_WARN_ABOUT_RETURN_TYPE = YES_ERROR;
				GCC_WARN_UNDECLARED_SELECTOR = YES;
				GCC_WARN_UNINITIALIZED_AUTOS = YES_AGGRESSIVE;
				GCC_WARN_UNUSED_FUNCTION = YES;
				GCC_WARN_UNUSED_VARIABLE = YES;
				IPHONEOS_DEPLOYMENT_TARGET = 17.0;
				LOCALIZATION_PREFERS_STRING_CATALOGS = YES;
				MTL_ENABLE_DEBUG_INFO = INCLUDE_SOURCE;
				MTL_FAST_MATH = YES;
				ONLY_ACTIVE_ARCH = YES;
				SDKROOT = iphoneos;
				SWIFT_ACTIVE_COMPILATION_CONDITIONS = "DEBUG $(inherited)";
				SWIFT_OPTIMIZATION_LEVEL = "-Onone";
			};
			name = Debug;
		};
		0BE0ECD12B0A8BEC00C1B6F4 /* Release */ = {
			isa = XCBuildConfiguration;
			buildSettings = {
				ALWAYS_SEARCH_USER_PATHS = NO;
				ASSETCATALOG_COMPILER_GENERATE_SWIFT_ASSET_SYMBOL_EXTENSIONS = YES;
				CLANG_ANALYZER_NONNULL = YES;
				CLANG_ANALYZER_NUMBER_OBJECT_CONVERSION = YES_AGGRESSIVE;
				CLANG_CXX_LANGUAGE_STANDARD = "gnu++20";
				CLANG_ENABLE_MODULES = YES;
				CLANG_ENABLE_OBJC_ARC = YES;
				CLANG_ENABLE_OBJC_WEAK = YES;
				CLANG_WARN_BLOCK_CAPTURE_AUTORELEASING = YES;
				CLANG_WARN_BOOL_CONVERSION = YES;
				CLANG_WARN_COMMA = YES;
				CLANG_WARN_CONSTANT_CONVERSION = YES;
				CLANG_WARN_DEPRECATED_OBJC_IMPLEMENTATIONS = YES;
				CLANG_WARN_DIRECT_OBJC_ISA_USAGE = YES_ERROR;
				CLANG_WARN_DOCUMENTATION_COMMENTS = YES;
				CLANG_WARN_EMPTY_BODY = YES;
				CLANG_WARN_ENUM_CONVERSION = YES;
				CLANG_WARN_INFINITE_RECURSION = YES;
				CLANG_WARN_INT_CONVERSION = YES;
				CLANG_WARN_NON_LITERAL_NULL_CONVERSION = YES;
				CLANG_WARN_OBJC_IMPLICIT_RETAIN_SELF = YES;
				CLANG_WARN_OBJC_LITERAL_CONVERSION = YES;
				CLANG_WARN_OBJC_ROOT_CLASS = YES_ERROR;
				CLANG_WARN_QUOTED_INCLUDE_IN_FRAMEWORK_HEADER = YES;
				CLANG_WARN_RANGE_LOOP_ANALYSIS = YES;
				CLANG_WARN_STRICT_PROTOTYPES = YES;
				CLANG_WARN_SUSPICIOUS_MOVE = YES;
				CLANG_WARN_UNGUARDED_AVAILABILITY = YES_AGGRESSIVE;
				CLANG_WARN_UNREACHABLE_CODE = YES;
				CLANG_WARN__DUPLICATE_METHOD_MATCH = YES;
				COPY_PHASE_STRIP = NO;
				DEBUG_INFORMATION_FORMAT = "dwarf-with-dsym";
				ENABLE_NS_ASSERTIONS = NO;
				ENABLE_STRICT_OBJC_MSGSEND = YES;
				ENABLE_USER_SCRIPT_SANDBOXING = YES;
				GCC_C_LANGUAGE_STANDARD = gnu17;
				GCC_NO_COMMON_BLOCKS = YES;
				GCC_WARN_64_TO_32_BIT_CONVERSION = YES;
				GCC_WARN_ABOUT_RETURN_TYPE = YES_ERROR;
				GCC_WARN_UNDECLARED_SELECTOR = YES;
				GCC_WARN_UNINITIALIZED_AUTOS = YES_AGGRESSIVE;
				GCC_WARN_UNUSED_FUNCTION = YES;
				GCC_WARN_UNUSED_VARIABLE = YES;
				IPHONEOS_DEPLOYMENT_TARGET = 17.0;
				LOCALIZATION_PREFERS_STRING_CATALOGS = YES;
				MTL_ENABLE_DEBUG_INFO = NO;
				MTL_FAST_MATH = YES;
				SDKROOT = iphoneos;
				SWIFT_COMPILATION_MODE = wholemodule;
				VALIDATE_PRODUCT = YES;
			};
			name = Release;
		};
		0BE0ECD32B0A8BEC00C1B6F4 /* Debug */ = {
			isa = XCBuildConfiguration;
			buildSettings = {
				ASSETCATALOG_COMPILER_APPICON_NAME = AppIcon;
				ASSETCATALOG_COMPILER_GLOBAL_ACCENT_COLOR_NAME = AccentColor;
				CODE_SIGN_STYLE = Automatic;
				CURRENT_PROJECT_VERSION = 1;
				DEVELOPMENT_ASSET_PATHS = "\"Apple-PlatformUI/Preview Content\"";
				ENABLE_PREVIEWS = YES;
				GENERATE_INFOPLIST_FILE = YES;
				INFOPLIST_KEY_UIApplicationSceneManifest_Generation = YES;
				INFOPLIST_KEY_UIApplicationSupportsIndirectInputEvents = YES;
				INFOPLIST_KEY_UILaunchScreen_Generation = YES;
				INFOPLIST_KEY_UISupportedInterfaceOrientations_iPad = "UIInterfaceOrientationPortrait UIInterfaceOrientationPortraitUpsideDown UIInterfaceOrientationLandscapeLeft UIInterfaceOrientationLandscapeRight";
				INFOPLIST_KEY_UISupportedInterfaceOrientations_iPhone = "UIInterfaceOrientationPortrait UIInterfaceOrientationLandscapeLeft UIInterfaceOrientationLandscapeRight";
				LD_RUNPATH_SEARCH_PATHS = (
					"$(inherited)",
					"@executable_path/Frameworks",
				);
				MARKETING_VERSION = 1.0;
				PRODUCT_BUNDLE_IDENTIFIER = "justy.Apple-PlatformUI";
				PRODUCT_NAME = "$(TARGET_NAME)";
				SWIFT_EMIT_LOC_STRINGS = YES;
				SWIFT_VERSION = 5.0;
				TARGETED_DEVICE_FAMILY = "1,2";
			};
			name = Debug;
		};
		0BE0ECD42B0A8BEC00C1B6F4 /* Release */ = {
			isa = XCBuildConfiguration;
			buildSettings = {
				ASSETCATALOG_COMPILER_APPICON_NAME = AppIcon;
				ASSETCATALOG_COMPILER_GLOBAL_ACCENT_COLOR_NAME = AccentColor;
				CODE_SIGN_STYLE = Automatic;
				CURRENT_PROJECT_VERSION = 1;
				DEVELOPMENT_ASSET_PATHS = "\"Apple-PlatformUI/Preview Content\"";
				ENABLE_PREVIEWS = YES;
				GENERATE_INFOPLIST_FILE = YES;
				INFOPLIST_KEY_UIApplicationSceneManifest_Generation = YES;
				INFOPLIST_KEY_UIApplicationSupportsIndirectInputEvents = YES;
				INFOPLIST_KEY_UILaunchScreen_Generation = YES;
				INFOPLIST_KEY_UISupportedInterfaceOrientations_iPad = "UIInterfaceOrientationPortrait UIInterfaceOrientationPortraitUpsideDown UIInterfaceOrientationLandscapeLeft UIInterfaceOrientationLandscapeRight";
				INFOPLIST_KEY_UISupportedInterfaceOrientations_iPhone = "UIInterfaceOrientationPortrait UIInterfaceOrientationLandscapeLeft UIInterfaceOrientationLandscapeRight";
				LD_RUNPATH_SEARCH_PATHS = (
					"$(inherited)",
					"@executable_path/Frameworks",
				);
				MARKETING_VERSION = 1.0;
				PRODUCT_BUNDLE_IDENTIFIER = "justy.Apple-PlatformUI";
				PRODUCT_NAME = "$(TARGET_NAME)";
				SWIFT_EMIT_LOC_STRINGS = YES;
				SWIFT_VERSION = 5.0;
				TARGETED_DEVICE_FAMILY = "1,2";
			};
			name = Release;
		};
		0BE0ECD62B0A8BEC00C1B6F4 /* Debug */ = {
			isa = XCBuildConfiguration;
			buildSettings = {
				ALWAYS_EMBED_SWIFT_STANDARD_LIBRARIES = YES;
				BUNDLE_LOADER = "$(TEST_HOST)";
				CODE_SIGN_STYLE = Automatic;
				CURRENT_PROJECT_VERSION = 1;
				GENERATE_INFOPLIST_FILE = YES;
				IPHONEOS_DEPLOYMENT_TARGET = 17.0;
				MARKETING_VERSION = 1.0;
				PRODUCT_BUNDLE_IDENTIFIER = "justy.Apple-PlatformUITests";
				PRODUCT_NAME = "$(TARGET_NAME)";
				SWIFT_EMIT_LOC_STRINGS = NO;
				SWIFT_VERSION = 5.0;
				TARGETED_DEVICE_FAMILY = "1,2";
				TEST_HOST = "$(BUILT_PRODUCTS_DIR)/Apple-PlatformUI.app/$(BUNDLE_EXECUTABLE_FOLDER_PATH)/Apple-PlatformUI";
			};
			name = Debug;
		};
		0BE0ECD72B0A8BEC00C1B6F4 /* Release */ = {
			isa = XCBuildConfiguration;
			buildSettings = {
				ALWAYS_EMBED_SWIFT_STANDARD_LIBRARIES = YES;
				BUNDLE_LOADER = "$(TEST_HOST)";
				CODE_SIGN_STYLE = Automatic;
				CURRENT_PROJECT_VERSION = 1;
				GENERATE_INFOPLIST_FILE = YES;
				IPHONEOS_DEPLOYMENT_TARGET = 17.0;
				MARKETING_VERSION = 1.0;
				PRODUCT_BUNDLE_IDENTIFIER = "justy.Apple-PlatformUITests";
				PRODUCT_NAME = "$(TARGET_NAME)";
				SWIFT_EMIT_LOC_STRINGS = NO;
				SWIFT_VERSION = 5.0;
				TARGETED_DEVICE_FAMILY = "1,2";
				TEST_HOST = "$(BUILT_PRODUCTS_DIR)/Apple-PlatformUI.app/$(BUNDLE_EXECUTABLE_FOLDER_PATH)/Apple-PlatformUI";
			};
			name = Release;
		};
		0BE0ECD92B0A8BEC00C1B6F4 /* Debug */ = {
			isa = XCBuildConfiguration;
			buildSettings = {
				ALWAYS_EMBED_SWIFT_STANDARD_LIBRARIES = YES;
				CODE_SIGN_STYLE = Automatic;
				CURRENT_PROJECT_VERSION = 1;
				GENERATE_INFOPLIST_FILE = YES;
				MARKETING_VERSION = 1.0;
				PRODUCT_BUNDLE_IDENTIFIER = "justy.Apple-PlatformUIUITests";
				PRODUCT_NAME = "$(TARGET_NAME)";
				SWIFT_EMIT_LOC_STRINGS = NO;
				SWIFT_VERSION = 5.0;
				TARGETED_DEVICE_FAMILY = "1,2";
				TEST_TARGET_NAME = "Apple-PlatformUI";
			};
			name = Debug;
		};
		0BE0ECDA2B0A8BEC00C1B6F4 /* Release */ = {
			isa = XCBuildConfiguration;
			buildSettings = {
				ALWAYS_EMBED_SWIFT_STANDARD_LIBRARIES = YES;
				CODE_SIGN_STYLE = Automatic;
				CURRENT_PROJECT_VERSION = 1;
				GENERATE_INFOPLIST_FILE = YES;
				MARKETING_VERSION = 1.0;
				PRODUCT_BUNDLE_IDENTIFIER = "justy.Apple-PlatformUIUITests";
				PRODUCT_NAME = "$(TARGET_NAME)";
				SWIFT_EMIT_LOC_STRINGS = NO;
				SWIFT_VERSION = 5.0;
				TARGETED_DEVICE_FAMILY = "1,2";
				TEST_TARGET_NAME = "Apple-PlatformUI";
			};
			name = Release;
		};
/* End XCBuildConfiguration section */

/* Begin XCConfigurationList section */
		0BE0ECA92B0A8BEB00C1B6F4 /* Build configuration list for PBXProject "Apple-PlatformUI" */ = {
			isa = XCConfigurationList;
			buildConfigurations = (
				0BE0ECD02B0A8BEC00C1B6F4 /* Debug */,
				0BE0ECD12B0A8BEC00C1B6F4 /* Release */,
			);
			defaultConfigurationIsVisible = 0;
			defaultConfigurationName = Release;
		};
		0BE0ECD22B0A8BEC00C1B6F4 /* Build configuration list for PBXNativeTarget "Apple-PlatformUI" */ = {
			isa = XCConfigurationList;
			buildConfigurations = (
				0BE0ECD32B0A8BEC00C1B6F4 /* Debug */,
				0BE0ECD42B0A8BEC00C1B6F4 /* Release */,
			);
			defaultConfigurationIsVisible = 0;
			defaultConfigurationName = Release;
		};
		0BE0ECD52B0A8BEC00C1B6F4 /* Build configuration list for PBXNativeTarget "Apple-PlatformUITests" */ = {
			isa = XCConfigurationList;
			buildConfigurations = (
				0BE0ECD62B0A8BEC00C1B6F4 /* Debug */,
				0BE0ECD72B0A8BEC00C1B6F4 /* Release */,
			);
			defaultConfigurationIsVisible = 0;
			defaultConfigurationName = Release;
		};
		0BE0ECD82B0A8BEC00C1B6F4 /* Build configuration list for PBXNativeTarget "Apple-PlatformUIUITests" */ = {
			isa = XCConfigurationList;
			buildConfigurations = (
				0BE0ECD92B0A8BEC00C1B6F4 /* Debug */,
				0BE0ECDA2B0A8BEC00C1B6F4 /* Release */,
			);
			defaultConfigurationIsVisible = 0;
			defaultConfigurationName = Release;
		};
/* End XCConfigurationList section */
	};
	rootObject = 0BE0ECA62B0A8BEB00C1B6F4 /* Project object */;
}
